
Microsoft Visual Studio Solution File, Format Version 12.00
# Visual Studio Version 17
VisualStudioVersion = 17.10.35013.160
MinimumVisualStudioVersion = 10.0.40219.1
Project("{2150E333-8FDC-42A3-9474-1A3956D46DE8}") = "src", "src", "{FB747ED0-B8F0-4BD7-B454-FB4CB28FA19E}"
EndProject
Project("{2150E333-8FDC-42A3-9474-1A3956D46DE8}") = "Test", "Test", "{12191415-9F37-4A8A-8D43-0BBB8757F712}"
EndProject
Project("{2150E333-8FDC-42A3-9474-1A3956D46DE8}") = "01-Domain", "01-Domain", "{AC26736C-EC06-45A5-B567-9F435BF23D5F}"
EndProject
Project("{2150E333-8FDC-42A3-9474-1A3956D46DE8}") = "02-Infrastructures", "02-Infrastructures", "{E3B6737F-C17A-4E68-A26A-EA28286F13BB}"
EndProject
Project("{2150E333-8FDC-42A3-9474-1A3956D46DE8}") = "03-EndPoints", "03-EndPoints", "{43D621E4-16DE-4800-BDA5-C58B5364B673}"
EndProject
Project("{2150E333-8FDC-42A3-9474-1A3956D46DE8}") = "Core", "Core", "{9B983C4A-942D-4424-AC91-830ACC101BD4}"
EndProject
Project("{2150E333-8FDC-42A3-9474-1A3956D46DE8}") = "Services", "Services", "{314DB820-BAD4-49C7-9D82-CA9160DF891F}"
EndProject
Project("{9A19103F-16F7-4668-BE54-9A1E7A4F7556}") = "App.Domain.Core", "App.Domain.Core\App.Domain.Core.csproj", "{82DCD4D4-29AE-4B45-9EBA-A1AB798F4984}"
EndProject
Project("{9A19103F-16F7-4668-BE54-9A1E7A4F7556}") = "TestApp", "TestApp\TestApp.csproj", "{2C0A3AFD-12C0-44FA-BEC1-1C0112F6BE67}"
EndProject
Project("{9A19103F-16F7-4668-BE54-9A1E7A4F7556}") = "App.Domain.AppServices", "App.Domain.AppServices\App.Domain.AppServices.csproj", "{3F706E4D-E659-408F-B99D-325194E2B599}"
EndProject
Project("{9A19103F-16F7-4668-BE54-9A1E7A4F7556}") = "App.Domain.Services", "App.Domain.Services\App.Domain.Services.csproj", "{46D41590-8AC6-40E3-89B3-BFEC941E7743}"
EndProject
Project("{2150E333-8FDC-42A3-9474-1A3956D46DE8}") = "DataAccess", "DataAccess", "{1DB73674-DF57-47A1-82D9-8EDDCE3E4B9A}"
EndProject
Project("{2150E333-8FDC-42A3-9474-1A3956D46DE8}") = "Db", "Db", "{B02EB708-AC6B-408E-AB6A-3B8362BA96BA}"
EndProject
Project("{9A19103F-16F7-4668-BE54-9A1E7A4F7556}") = "App.Infra.Data.Repos.ApiServices", "App.Infra.Data.Repos.ApiServices\App.Infra.Data.Repos.ApiServices.csproj", "{CF653D2F-9C63-4A81-816F-AD49CA1E1476}"
EndProject
Project("{FAE04EC0-301F-11D3-BF4B-00C04F79EFBC}") = "App.EndPoints.MVC", "App.EndPoints.MVC\App.EndPoints.MVC.csproj", "{6463503B-92C4-4CA3-AF01-F1A2D6EF466A}"
EndProject
Global
	GlobalSection(SolutionConfigurationPlatforms) = preSolution
		Debug|Any CPU = Debug|Any CPU
		Release|Any CPU = Release|Any CPU
	EndGlobalSection
	GlobalSection(ProjectConfigurationPlatforms) = postSolution
		{82DCD4D4-29AE-4B45-9EBA-A1AB798F4984}.Debug|Any CPU.ActiveCfg = Debug|Any CPU
		{82DCD4D4-29AE-4B45-9EBA-A1AB798F4984}.Debug|Any CPU.Build.0 = Debug|Any CPU
		{82DCD4D4-29AE-4B45-9EBA-A1AB798F4984}.Release|Any CPU.ActiveCfg = Release|Any CPU
		{82DCD4D4-29AE-4B45-9EBA-A1AB798F4984}.Release|Any CPU.Build.0 = Release|Any CPU
		{2C0A3AFD-12C0-44FA-BEC1-1C0112F6BE67}.Debug|Any CPU.ActiveCfg = Debug|Any CPU
		{2C0A3AFD-12C0-44FA-BEC1-1C0112F6BE67}.Debug|Any CPU.Build.0 = Debug|Any CPU
		{2C0A3AFD-12C0-44FA-BEC1-1C0112F6BE67}.Release|Any CPU.ActiveCfg = Release|Any CPU
		{2C0A3AFD-12C0-44FA-BEC1-1C0112F6BE67}.Release|Any CPU.Build.0 = Release|Any CPU
		{3F706E4D-E659-408F-B99D-325194E2B599}.Debug|Any CPU.ActiveCfg = Debug|Any CPU
		{3F706E4D-E659-408F-B99D-325194E2B599}.Debug|Any CPU.Build.0 = Debug|Any CPU
		{3F706E4D-E659-408F-B99D-325194E2B599}.Release|Any CPU.ActiveCfg = Release|Any CPU
		{3F706E4D-E659-408F-B99D-325194E2B599}.Release|Any CPU.Build.0 = Release|Any CPU
		{46D41590-8AC6-40E3-89B3-BFEC941E7743}.Debug|Any CPU.ActiveCfg = Debug|Any CPU
		{46D41590-8AC6-40E3-89B3-BFEC941E7743}.Debug|Any CPU.Build.0 = Debug|Any CPU
		{46D41590-8AC6-40E3-89B3-BFEC941E7743}.Release|Any CPU.ActiveCfg = Release|Any CPU
		{46D41590-8AC6-40E3-89B3-BFEC941E7743}.Release|Any CPU.Build.0 = Release|Any CPU
		{CF653D2F-9C63-4A81-816F-AD49CA1E1476}.Debug|Any CPU.ActiveCfg = Debug|Any CPU
		{CF653D2F-9C63-4A81-816F-AD49CA1E1476}.Debug|Any CPU.Build.0 = Debug|Any CPU
		{CF653D2F-9C63-4A81-816F-AD49CA1E1476}.Release|Any CPU.ActiveCfg = Release|Any CPU
		{CF653D2F-9C63-4A81-816F-AD49CA1E1476}.Release|Any CPU.Build.0 = Release|Any CPU
		{6463503B-92C4-4CA3-AF01-F1A2D6EF466A}.Debug|Any CPU.ActiveCfg = Debug|Any CPU
		{6463503B-92C4-4CA3-AF01-F1A2D6EF466A}.Debug|Any CPU.Build.0 = Debug|Any CPU
		{6463503B-92C4-4CA3-AF01-F1A2D6EF466A}.Release|Any CPU.ActiveCfg = Release|Any CPU
		{6463503B-92C4-4CA3-AF01-F1A2D6EF466A}.Release|Any CPU.Build.0 = Release|Any CPU
	EndGlobalSection
	GlobalSection(SolutionProperties) = preSolution
		HideSolutionNode = FALSE
	EndGlobalSection
	GlobalSection(NestedProjects) = preSolution
		{AC26736C-EC06-45A5-B567-9F435BF23D5F} = {FB747ED0-B8F0-4BD7-B454-FB4CB28FA19E}
		{E3B6737F-C17A-4E68-A26A-EA28286F13BB} = {FB747ED0-B8F0-4BD7-B454-FB4CB28FA19E}
		{43D621E4-16DE-4800-BDA5-C58B5364B673} = {FB747ED0-B8F0-4BD7-B454-FB4CB28FA19E}
		{9B983C4A-942D-4424-AC91-830ACC101BD4} = {AC26736C-EC06-45A5-B567-9F435BF23D5F}
		{314DB820-BAD4-49C7-9D82-CA9160DF891F} = {AC26736C-EC06-45A5-B567-9F435BF23D5F}
		{82DCD4D4-29AE-4B45-9EBA-A1AB798F4984} = {9B983C4A-942D-4424-AC91-830ACC101BD4}
		{2C0A3AFD-12C0-44FA-BEC1-1C0112F6BE67} = {12191415-9F37-4A8A-8D43-0BBB8757F712}
		{3F706E4D-E659-408F-B99D-325194E2B599} = {314DB820-BAD4-49C7-9D82-CA9160DF891F}
		{46D41590-8AC6-40E3-89B3-BFEC941E7743} = {314DB820-BAD4-49C7-9D82-CA9160DF891F}
		{1DB73674-DF57-47A1-82D9-8EDDCE3E4B9A} = {E3B6737F-C17A-4E68-A26A-EA28286F13BB}
		{B02EB708-AC6B-408E-AB6A-3B8362BA96BA} = {E3B6737F-C17A-4E68-A26A-EA28286F13BB}
		{CF653D2F-9C63-4A81-816F-AD49CA1E1476} = {1DB73674-DF57-47A1-82D9-8EDDCE3E4B9A}
		{6463503B-92C4-4CA3-AF01-F1A2D6EF466A} = {43D621E4-16DE-4800-BDA5-C58B5364B673}
	EndGlobalSection
	GlobalSection(ExtensibilityGlobals) = postSolution
		SolutionGuid = {5DC59A0E-E2EA-4432-B33D-A5A8D6BF9A7C}
	EndGlobalSection
EndGlobal
